
Microsoft Visual Studio Solution File, Format Version 12.00
# Visual Studio Version 16
VisualStudioVersion = 16.0.33214.272
MinimumVisualStudioVersion = 10.0.40219.1
Project("{FAE04EC0-301F-11D3-BF4B-00C04F79EFBC}") = "Kfone-Consumer-Application", "Kfone-Consumer-Application\Kfone-Consumer-Application.csproj", "{A9A61B12-868C-492A-AB6B-7C96C754E24E}"
EndProject
Global
	GlobalSection(SolutionConfigurationPlatforms) = preSolution
		Debug|Any CPU = Debug|Any CPU
		Release|Any CPU = Release|Any CPU
	EndGlobalSection
	GlobalSection(ProjectConfigurationPlatforms) = postSolution
		{A9A61B12-868C-492A-AB6B-7C96C754E24E}.Debug|Any CPU.ActiveCfg = Debug|Any CPU
		{A9A61B12-868C-492A-AB6B-7C96C754E24E}.Debug|Any CPU.Build.0 = Debug|Any CPU
		{A9A61B12-868C-492A-AB6B-7C96C754E24E}.Release|Any CPU.ActiveCfg = Release|Any CPU
		{A9A61B12-868C-492A-AB6B-7C96C754E24E}.Release|Any CPU.Build.0 = Release|Any CPU
	EndGlobalSection
	GlobalSection(SolutionProperties) = preSolution
		HideSolutionNode = FALSE
	EndGlobalSection
	GlobalSection(ExtensibilityGlobals) = postSolution
		SolutionGuid = {F0EAC4A5-D486-4FFB-B859-CF13A5E07838}
	EndGlobalSection
EndGlobal
